// !$*UTF8*$!
{
	archiveVersion = 1;
	classes = {
	};
	objectVersion = 77;
	objects = {

/* Begin PBXContainerItemProxy section */
		F90BE7062D9B0C3E0020574B /* PBXContainerItemProxy */ = {
			isa = PBXContainerItemProxy;
			containerPortal = F90BE6E72D9B0C3D0020574B /* Project object */;
			proxyType = 1;
			remoteGlobalIDString = F90BE6EE2D9B0C3D0020574B;
			remoteInfo = "My Contact List";
		};
		F90BE7102D9B0C3E0020574B /* PBXContainerItemProxy */ = {
			isa = PBXContainerItemProxy;
			containerPortal = F90BE6E72D9B0C3D0020574B /* Project object */;
			proxyType = 1;
			remoteGlobalIDString = F90BE6EE2D9B0C3D0020574B;
			remoteInfo = "My Contact List";
		};
/* End PBXContainerItemProxy section */

/* Begin PBXFileReference section */
		F90BE6EF2D9B0C3D0020574B /* My Contact List.app */ = {isa = PBXFileReference; explicitFileType = wrapper.application; includeInIndex = 0; path = "My Contact List.app"; sourceTree = BUILT_PRODUCTS_DIR; };
		F90BE7052D9B0C3E0020574B /* My Contact ListTests.xctest */ = {isa = PBXFileReference; explicitFileType = wrapper.cfbundle; includeInIndex = 0; path = "My Contact ListTests.xctest"; sourceTree = BUILT_PRODUCTS_DIR; };
		F90BE70F2D9B0C3E0020574B /* My Contact ListUITests.xctest */ = {isa = PBXFileReference; explicitFileType = wrapper.cfbundle; includeInIndex = 0; path = "My Contact ListUITests.xctest"; sourceTree = BUILT_PRODUCTS_DIR; };
/* End PBXFileReference section */

/* Begin PBXFileSystemSynchronizedBuildFileExceptionSet section */
		F90BE7172D9B0C3E0020574B /* Exceptions for "My Contact List" folder in "My Contact List" target */ = {
			isa = PBXFileSystemSynchronizedBuildFileExceptionSet;
			membershipExceptions = (
				Info.plist,
			);
			target = F90BE6EE2D9B0C3D0020574B /* My Contact List */;
		};
/* End PBXFileSystemSynchronizedBuildFileExceptionSet section */

/* Begin PBXFileSystemSynchronizedRootGroup section */
		F90BE6F12D9B0C3D0020574B /* My Contact List */ = {
			isa = PBXFileSystemSynchronizedRootGroup;
			exceptions = (
				F90BE7172D9B0C3E0020574B /* Exceptions for "My Contact List" folder in "My Contact List" target */,
			);
			path = "My Contact List";
			sourceTree = "<group>";
		};
		F90BE7082D9B0C3E0020574B /* My Contact ListTests */ = {
			isa = PBXFileSystemSynchronizedRootGroup;
			path = "My Contact ListTests";
			sourceTree = "<group>";
		};
		F90BE7122D9B0C3E0020574B /* My Contact ListUITests */ = {
			isa = PBXFileSystemSynchronizedRootGroup;
			path = "My Contact ListUITests";
			sourceTree = "<group>";
		};
/* End PBXFileSystemSynchronizedRootGroup section */

/* Begin PBXFrameworksBuildPhase section */
		F90BE6EC2D9B0C3D0020574B /* Frameworks */ = {
			isa = PBXFrameworksBuildPhase;
			buildActionMask = 2147483647;
			files = (
			);
			runOnlyForDeploymentPostprocessing = 0;
		};
		F90BE7022D9B0C3E0020574B /* Frameworks */ = {
			isa = PBXFrameworksBuildPhase;
			buildActionMask = 2147483647;
			files = (
			);
			runOnlyForDeploymentPostprocessing = 0;
		};
		F90BE70C2D9B0C3E0020574B /* Frameworks */ = {
			isa = PBXFrameworksBuildPhase;
			buildActionMask = 2147483647;
			files = (
			);
			runOnlyForDeploymentPostprocessing = 0;
		};
/* End PBXFrameworksBuildPhase section */

/* Begin PBXGroup section */
		F90BE6E62D9B0C3D0020574B = {
			isa = PBXGroup;
			children = (
				F90BE6F12D9B0C3D0020574B /* My Contact List */,
				F90BE7082D9B0C3E0020574B /* My Contact ListTests */,
				F90BE7122D9B0C3E0020574B /* My Contact ListUITests */,
				F90BE6F02D9B0C3D0020574B /* Products */,
			);
			sourceTree = "<group>";
		};
		F90BE6F02D9B0C3D0020574B /* Products */ = {
			isa = PBXGroup;
			children = (
				F90BE6EF2D9B0C3D0020574B /* My Contact List.app */,
				F90BE7052D9B0C3E0020574B /* My Contact ListTests.xctest */,
				F90BE70F2D9B0C3E0020574B /* My Contact ListUITests.xctest */,
			);
			name = Products;
			sourceTree = "<group>";
		};
/* End PBXGroup section */

/* Begin PBXNativeTarget section */
		F90BE6EE2D9B0C3D0020574B /* My Contact List */ = {
			isa = PBXNativeTarget;
			buildConfigurationList = F90BE7182D9B0C3E0020574B /* Build configuration list for PBXNativeTarget "My Contact List" */;
			buildPhases = (
				F90BE6EB2D9B0C3D0020574B /* Sources */,
				F90BE6EC2D9B0C3D0020574B /* Frameworks */,
				F90BE6ED2D9B0C3D0020574B /* Resources */,
			);
			buildRules = (
			);
			dependencies = (
			);
			fileSystemSynchronizedGroups = (
				F90BE6F12D9B0C3D0020574B /* My Contact List */,
			);
			name = "My Contact List";
			packageProductDependencies = (
			);
			productName = "My Contact List";
			productReference = F90BE6EF2D9B0C3D0020574B /* My Contact List.app */;
			productType = "com.apple.product-type.application";
		};
		F90BE7042D9B0C3E0020574B /* My Contact ListTests */ = {
			isa = PBXNativeTarget;
			buildConfigurationList = F90BE71D2D9B0C3E0020574B /* Build configuration list for PBXNativeTarget "My Contact ListTests" */;
			buildPhases = (
				F90BE7012D9B0C3E0020574B /* Sources */,
				F90BE7022D9B0C3E0020574B /* Frameworks */,
				F90BE7032D9B0C3E0020574B /* Resources */,
			);
			buildRules = (
			);
			dependencies = (
				F90BE7072D9B0C3E0020574B /* PBXTargetDependency */,
			);
			fileSystemSynchronizedGroups = (
				F90BE7082D9B0C3E0020574B /* My Contact ListTests */,
			);
			name = "My Contact ListTests";
			packageProductDependencies = (
			);
			productName = "My Contact ListTests";
			productReference = F90BE7052D9B0C3E0020574B /* My Contact ListTests.xctest */;
			productType = "com.apple.product-type.bundle.unit-test";
		};
		F90BE70E2D9B0C3E0020574B /* My Contact ListUITests */ = {
			isa = PBXNativeTarget;
			buildConfigurationList = F90BE7202D9B0C3E0020574B /* Build configuration list for PBXNativeTarget "My Contact ListUITests" */;
			buildPhases = (
				F90BE70B2D9B0C3E0020574B /* Sources */,
				F90BE70C2D9B0C3E0020574B /* Frameworks */,
				F90BE70D2D9B0C3E0020574B /* Resources */,
			);
			buildRules = (
			);
			dependencies = (
				F90BE7112D9B0C3E0020574B /* PBXTargetDependency */,
			);
			fileSystemSynchronizedGroups = (
				F90BE7122D9B0C3E0020574B /* My Contact ListUITests */,
			);
			name = "My Contact ListUITests";
			packageProductDependencies = (
			);
			productName = "My Contact ListUITests";
			productReference = F90BE70F2D9B0C3E0020574B /* My Contact ListUITests.xctest */;
			productType = "com.apple.product-type.bundle.ui-testing";
		};
/* End PBXNativeTarget section */

/* Begin PBXProject section */
		F90BE6E72D9B0C3D0020574B /* Project object */ = {
			isa = PBXProject;
			attributes = {
				BuildIndependentTargetsInParallel = 1;
				LastSwiftUpdateCheck = 1620;
				LastUpgradeCheck = 1620;
				TargetAttributes = {
					F90BE6EE2D9B0C3D0020574B = {
						CreatedOnToolsVersion = 16.2;
					};
					F90BE7042D9B0C3E0020574B = {
						CreatedOnToolsVersion = 16.2;
						TestTargetID = F90BE6EE2D9B0C3D0020574B;
					};
					F90BE70E2D9B0C3E0020574B = {
						CreatedOnToolsVersion = 16.2;
						TestTargetID = F90BE6EE2D9B0C3D0020574B;
					};
				};
			};
			buildConfigurationList = F90BE6EA2D9B0C3D0020574B /* Build configuration list for PBXProject "My Contact List" */;
			developmentRegion = en;
			hasScannedForEncodings = 0;
			knownRegions = (
				en,
				Base,
			);
			mainGroup = F90BE6E62D9B0C3D0020574B;
			minimizedProjectReferenceProxies = 1;
			preferredProjectObjectVersion = 77;
			productRefGroup = F90BE6F02D9B0C3D0020574B /* Products */;
			projectDirPath = "";
			projectRoot = "";
			targets = (
				F90BE6EE2D9B0C3D0020574B /* My Contact List */,
				F90BE7042D9B0C3E0020574B /* My Contact ListTests */,
				F90BE70E2D9B0C3E0020574B /* My Contact ListUITests */,
			);
		};
/* End PBXProject section */

/* Begin PBXResourcesBuildPhase section */
		F90BE6ED2D9B0C3D0020574B /* Resources */ = {
			isa = PBXResourcesBuildPhase;
			buildActionMask = 2147483647;
			files = (
			);
			runOnlyForDeploymentPostprocessing = 0;
		};
		F90BE7032D9B0C3E0020574B /* Resources */ = {
			isa = PBXResourcesBuildPhase;
			buildActionMask = 2147483647;
			files = (
			);
			runOnlyForDeploymentPostprocessing = 0;
		};
		F90BE70D2D9B0C3E0020574B /* Resources */ = {
			isa = PBXResourcesBuildPhase;
			buildActionMask = 2147483647;
			files = (
			);
			runOnlyForDeploymentPostprocessing = 0;
		};
/* End PBXResourcesBuildPhase section */

/* Begin PBXSourcesBuildPhase section */
		F90BE6EB2D9B0C3D0020574B /* Sources */ = {
			isa = PBXSourcesBuildPhase;
			buildActionMask = 2147483647;
			files = (
			);
			runOnlyForDeploymentPostprocessing = 0;
		};
		F90BE7012D9B0C3E0020574B /* Sources */ = {
			isa = PBXSourcesBuildPhase;
			buildActionMask = 2147483647;
			files = (
			);
			runOnlyForDeploymentPostprocessing = 0;
		};
		F90BE70B2D9B0C3E0020574B /* Sources */ = {
			isa = PBXSourcesBuildPhase;
			buildActionMask = 2147483647;
			files = (
			);
			runOnlyForDeploymentPostprocessing = 0;
		};
/* End PBXSourcesBuildPhase section */

/* Begin PBXTargetDependency section */
		F90BE7072D9B0C3E0020574B /* PBXTargetDependency */ = {
			isa = PBXTargetDependency;
			target = F90BE6EE2D9B0C3D0020574B /* My Contact List */;
			targetProxy = F90BE7062D9B0C3E0020574B /* PBXContainerItemProxy */;
		};
		F90BE7112D9B0C3E0020574B /* PBXTargetDependency */ = {
			isa = PBXTargetDependency;
			target = F90BE6EE2D9B0C3D0020574B /* My Contact List */;
			targetProxy = F90BE7102D9B0C3E0020574B /* PBXContainerItemProxy */;
		};
/* End PBXTargetDependency section */

/* Begin XCBuildConfiguration section */
		F90BE7192D9B0C3E0020574B /* Debug */ = {
			isa = XCBuildConfiguration;
			buildSettings = {
				ASSETCATALOG_COMPILER_APPICON_NAME = AppIcon;
				ASSETCATALOG_COMPILER_GLOBAL_ACCENT_COLOR_NAME = AccentColor;
				CODE_SIGN_STYLE = Automatic;
				CURRENT_PROJECT_VERSION = 1;
				DEVELOPMENT_TEAM = 4NSQ77297M;
				GENERATE_INFOPLIST_FILE = YES;
				INFOPLIST_FILE = "My Contact List/Info.plist";
				INFOPLIST_KEY_UIApplicationSupportsIndirectInputEvents = YES;
				INFOPLIST_KEY_UILaunchStoryboardName = LaunchScreen;
				INFOPLIST_KEY_UIMainStoryboardFile = Main;
				INFOPLIST_KEY_UISupportedInterfaceOrientations_iPad = "UIInterfaceOrientationPortrait UIInterfaceOrientationPortraitUpsideDown UIInterfaceOrientationLandscapeLeft UIInterfaceOrientationLandscapeRight";
				INFOPLIST_KEY_UISupportedInterfaceOrientations_iPhone = "UIInterfaceOrientationPortrait UIInterfaceOrientationLandscapeLeft UIInterfaceOrientationLandscapeRight";
				LD_RUNPATH_SEARCH_PATHS = (
					"$(inherited)",
					"@executable_path/Frameworks",
				);
				MARKETING_VERSION = 1.0;
				PRODUCT_BUNDLE_IDENTIFIER = "com.company.lma.My-Contact-List";
				PRODUCT_NAME = "$(TARGET_NAME)";
				SWIFT_EMIT_LOC_STRINGS = YES;
				SWIFT_VERSION = 5.0;
				TARGETED_DEVICE_FAMILY = "1,2";
			};
			name = Debug;
		};
		F90BE71A2D9B0C3E0020574B /* Release */ = {
			isa = XCBuildConfiguration;
			buildSettings = {
				ASSETCATALOG_COMPILER_APPICON_NAME = AppIcon;
				ASSETCATALOG_COMPILER_GLOBAL_ACCENT_COLOR_NAME = AccentColor;
				CODE_SIGN_STYLE = Automatic;
				CURRENT_PROJECT_VERSION = 1;
				DEVELOPMENT_TEAM = 4NSQ77297M;
				GENERATE_INFOPLIST_FILE = YES;
				INFOPLIST_FILE = "My Contact List/Info.plist";
				INFOPLIST_KEY_UIApplicationSupportsIndirectInputEvents = YES;
				INFOPLIST_KEY_UILaunchStoryboardName = LaunchScreen;
				INFOPLIST_KEY_UIMainStoryboardFile = Main;
				INFOPLIST_KEY_UISupportedInterfaceOrientations_iPad = "UIInterfaceOrientationPortrait UIInterfaceOrientationPortraitUpsideDown UIInterfaceOrientationLandscapeLeft UIInterfaceOrientationLandscapeRight";
				INFOPLIST_KEY_UISupportedInterfaceOrientations_iPhone = "UIInterfaceOrientationPortrait UIInterfaceOrientationLandscapeLeft UIInterfaceOrientationLandscapeRight";
				LD_RUNPATH_SEARCH_PATHS = (
					"$(inherited)",
					"@executable_path/Frameworks",
				);
				MARKETING_VERSION = 1.0;
				PRODUCT_BUNDLE_IDENTIFIER = "com.company.lma.My-Contact-List";
				PRODUCT_NAME = "$(TARGET_NAME)";
				SWIFT_EMIT_LOC_STRINGS = YES;
				SWIFT_VERSION = 5.0;
				TARGETED_DEVICE_FAMILY = "1,2";
			};
			name = Release;
		};
		F90BE71B2D9B0C3E0020574B /* Debug */ = {
			isa = XCBuildConfiguration;
			buildSettings = {
				ALWAYS_SEARCH_USER_PATHS = NO;
				ASSETCATALOG_COMPILER_GENERATE_SWIFT_ASSET_SYMBOL_EXTENSIONS = YES;
				CLANG_ANALYZER_NONNULL = YES;
				CLANG_ANALYZER_NUMBER_OBJECT_CONVERSION = YES_AGGRESSIVE;
				CLANG_CXX_LANGUAGE_STANDARD = "gnu++20";
				CLANG_ENABLE_MODULES = YES;
				CLANG_ENABLE_OBJC_ARC = YES;
				CLANG_ENABLE_OBJC_WEAK = YES;
				CLANG_WARN_BLOCK_CAPTURE_AUTORELEASING = YES;
				CLANG_WARN_BOOL_CONVERSION = YES;
				CLANG_WARN_COMMA = YES;
				CLANG_WARN_CONSTANT_CONVERSION = YES;
				CLANG_WARN_DEPRECATED_OBJC_IMPLEMENTATIONS = YES;
				CLANG_WARN_DIRECT_OBJC_ISA_USAGE = YES_ERROR;
				CLANG_WARN_DOCUMENTATION_COMMENTS = YES;
				CLANG_WARN_EMPTY_BODY = YES;
				CLANG_WARN_ENUM_CONVERSION = YES;
				CLANG_WARN_INFINITE_RECURSION = YES;
				CLANG_WARN_INT_CONVERSION = YES;
				CLANG_WARN_NON_LITERAL_NULL_CONVERSION = YES;
				CLANG_WARN_OBJC_IMPLICIT_RETAIN_SELF = YES;
				CLANG_WARN_OBJC_LITERAL_CONVERSION = YES;
				CLANG_WARN_OBJC_ROOT_CLASS = YES_ERROR;
				CLANG_WARN_QUOTED_INCLUDE_IN_FRAMEWORK_HEADER = YES;
				CLANG_WARN_RANGE_LOOP_ANALYSIS = YES;
				CLANG_WARN_STRICT_PROTOTYPES = YES;
				CLANG_WARN_SUSPICIOUS_MOVE = YES;
				CLANG_WARN_UNGUARDED_AVAILABILITY = YES_AGGRESSIVE;
				CLANG_WARN_UNREACHABLE_CODE = YES;
				CLANG_WARN__DUPLICATE_METHOD_MATCH = YES;
				COPY_PHASE_STRIP = NO;
				DEBUG_INFORMATION_FORMAT = dwarf;
				ENABLE_STRICT_OBJC_MSGSEND = YES;
				ENABLE_TESTABILITY = YES;
				ENABLE_USER_SCRIPT_SANDBOXING = YES;
				GCC_C_LANGUAGE_STANDARD = gnu17;
				GCC_DYNAMIC_NO_PIC = NO;
				GCC_NO_COMMON_BLOCKS = YES;
				GCC_OPTIMIZATION_LEVEL = 0;
				GCC_PREPROCESSOR_DEFINITIONS = (
					"DEBUG=1",
					"$(inherited)",
				);
				GCC_WARN_64_TO_32_BIT_CONVERSION = YES;
				GCC_WARN_ABOUT_RETURN_TYPE = YES_ERROR;
				GCC_WARN_UNDECLARED_SELECTOR = YES;
				GCC_WARN_UNINITIALIZED_AUTOS = YES_AGGRESSIVE;
				GCC_WARN_UNUSED_FUNCTION = YES;
				GCC_WARN_UNUSED_VARIABLE = YES;
				IPHONEOS_DEPLOYMENT_TARGET = 18.2;
				LOCALIZATION_PREFERS_STRING_CATALOGS = YES;
				MTL_ENABLE_DEBUG_INFO = INCLUDE_SOURCE;
				MTL_FAST_MATH = YES;
				ONLY_ACTIVE_ARCH = YES;
				SDKROOT = iphoneos;
				SWIFT_ACTIVE_COMPILATION_CONDITIONS = "DEBUG $(inherited)";
				SWIFT_OPTIMIZATION_LEVEL = "-Onone";
			};
			name = Debug;
		};
		F90BE71C2D9B0C3E0020574B /* Release */ = {
			isa = XCBuildConfiguration;
			buildSettings = {
				ALWAYS_SEARCH_USER_PATHS = NO;
				ASSETCATALOG_COMPILER_GENERATE_SWIFT_ASSET_SYMBOL_EXTENSIONS = YES;
				CLANG_ANALYZER_NONNULL = YES;
				CLANG_ANALYZER_NUMBER_OBJECT_CONVERSION = YES_AGGRESSIVE;
				CLANG_CXX_LANGUAGE_STANDARD = "gnu++20";
				CLANG_ENABLE_MODULES = YES;
				CLANG_ENABLE_OBJC_ARC = YES;
				CLANG_ENABLE_OBJC_WEAK = YES;
				CLANG_WARN_BLOCK_CAPTURE_AUTORELEASING = YES;
				CLANG_WARN_BOOL_CONVERSION = YES;
				CLANG_WARN_COMMA = YES;
				CLANG_WARN_CONSTANT_CONVERSION = YES;
				CLANG_WARN_DEPRECATED_OBJC_IMPLEMENTATIONS = YES;
				CLANG_WARN_DIRECT_OBJC_ISA_USAGE = YES_ERROR;
				CLANG_WARN_DOCUMENTATION_COMMENTS = YES;
				CLANG_WARN_EMPTY_BODY = YES;
				CLANG_WARN_ENUM_CONVERSION = YES;
				CLANG_WARN_INFINITE_RECURSION = YES;
				CLANG_WARN_INT_CONVERSION = YES;
				CLANG_WARN_NON_LITERAL_NULL_CONVERSION = YES;
				CLANG_WARN_OBJC_IMPLICIT_RETAIN_SELF = YES;
				CLANG_WARN_OBJC_LITERAL_CONVERSION = YES;
				CLANG_WARN_OBJC_ROOT_CLASS = YES_ERROR;
				CLANG_WARN_QUOTED_INCLUDE_IN_FRAMEWORK_HEADER = YES;
				CLANG_WARN_RANGE_LOOP_ANALYSIS = YES;
				CLANG_WARN_STRICT_PROTOTYPES = YES;
				CLANG_WARN_SUSPICIOUS_MOVE = YES;
				CLANG_WARN_UNGUARDED_AVAILABILITY = YES_AGGRESSIVE;
				CLANG_WARN_UNREACHABLE_CODE = YES;
				CLANG_WARN__DUPLICATE_METHOD_MATCH = YES;
				COPY_PHASE_STRIP = NO;
				DEBUG_INFORMATION_FORMAT = "dwarf-with-dsym";
				ENABLE_NS_ASSERTIONS = NO;
				ENABLE_STRICT_OBJC_MSGSEND = YES;
				ENABLE_USER_SCRIPT_SANDBOXING = YES;
				GCC_C_LANGUAGE_STANDARD = gnu17;
				GCC_NO_COMMON_BLOCKS = YES;
				GCC_WARN_64_TO_32_BIT_CONVERSION = YES;
				GCC_WARN_ABOUT_RETURN_TYPE = YES_ERROR;
				GCC_WARN_UNDECLARED_SELECTOR = YES;
				GCC_WARN_UNINITIALIZED_AUTOS = YES_AGGRESSIVE;
				GCC_WARN_UNUSED_FUNCTION = YES;
				GCC_WARN_UNUSED_VARIABLE = YES;
				IPHONEOS_DEPLOYMENT_TARGET = 18.2;
				LOCALIZATION_PREFERS_STRING_CATALOGS = YES;
				MTL_ENABLE_DEBUG_INFO = NO;
				MTL_FAST_MATH = YES;
				SDKROOT = iphoneos;
				SWIFT_COMPILATION_MODE = wholemodule;
				VALIDATE_PRODUCT = YES;
			};
			name = Release;
		};
		F90BE71E2D9B0C3E0020574B /* Debug */ = {
			isa = XCBuildConfiguration;
			buildSettings = {
				BUNDLE_LOADER = "$(TEST_HOST)";
				CODE_SIGN_STYLE = Automatic;
				CURRENT_PROJECT_VERSION = 1;
				DEVELOPMENT_TEAM = 4NSQ77297M;
				GENERATE_INFOPLIST_FILE = YES;
				IPHONEOS_DEPLOYMENT_TARGET = 18.2;
				MARKETING_VERSION = 1.0;
				PRODUCT_BUNDLE_IDENTIFIER = "com.company.lma.My-Contact-ListTests";
				PRODUCT_NAME = "$(TARGET_NAME)";
				SWIFT_EMIT_LOC_STRINGS = NO;
				SWIFT_VERSION = 5.0;
				TARGETED_DEVICE_FAMILY = "1,2";
				TEST_HOST = "$(BUILT_PRODUCTS_DIR)/My Contact List.app/$(BUNDLE_EXECUTABLE_FOLDER_PATH)/My Contact List";
			};
			name = Debug;
		};
		F90BE71F2D9B0C3E0020574B /* Release */ = {
			isa = XCBuildConfiguration;
			buildSettings = {
				BUNDLE_LOADER = "$(TEST_HOST)";
				CODE_SIGN_STYLE = Automatic;
				CURRENT_PROJECT_VERSION = 1;
				DEVELOPMENT_TEAM = 4NSQ77297M;
				GENERATE_INFOPLIST_FILE = YES;
				IPHONEOS_DEPLOYMENT_TARGET = 18.2;
				MARKETING_VERSION = 1.0;
				PRODUCT_BUNDLE_IDENTIFIER = "com.company.lma.My-Contact-ListTests";
				PRODUCT_NAME = "$(TARGET_NAME)";
				SWIFT_EMIT_LOC_STRINGS = NO;
				SWIFT_VERSION = 5.0;
				TARGETED_DEVICE_FAMILY = "1,2";
				TEST_HOST = "$(BUILT_PRODUCTS_DIR)/My Contact List.app/$(BUNDLE_EXECUTABLE_FOLDER_PATH)/My Contact List";
			};
			name = Release;
		};
		F90BE7212D9B0C3E0020574B /* Debug */ = {
			isa = XCBuildConfiguration;
			buildSettings = {
				CODE_SIGN_STYLE = Automatic;
				CURRENT_PROJECT_VERSION = 1;
				DEVELOPMENT_TEAM = 4NSQ77297M;
				GENERATE_INFOPLIST_FILE = YES;
				MARKETING_VERSION = 1.0;
				PRODUCT_BUNDLE_IDENTIFIER = "com.company.lma.My-Contact-ListUITests";
				PRODUCT_NAME = "$(TARGET_NAME)";
				SWIFT_EMIT_LOC_STRINGS = NO;
				SWIFT_VERSION = 5.0;
				TARGETED_DEVICE_FAMILY = "1,2";
				TEST_TARGET_NAME = "My Contact List";
			};
			name = Debug;
		};
		F90BE7222D9B0C3E0020574B /* Release */ = {
			isa = XCBuildConfiguration;
			buildSettings = {
				CODE_SIGN_STYLE = Automatic;
				CURRENT_PROJECT_VERSION = 1;
				DEVELOPMENT_TEAM = 4NSQ77297M;
				GENERATE_INFOPLIST_FILE = YES;
				MARKETING_VERSION = 1.0;
				PRODUCT_BUNDLE_IDENTIFIER = "com.company.lma.My-Contact-ListUITests";
				PRODUCT_NAME = "$(TARGET_NAME)";
				SWIFT_EMIT_LOC_STRINGS = NO;
				SWIFT_VERSION = 5.0;
				TARGETED_DEVICE_FAMILY = "1,2";
				TEST_TARGET_NAME = "My Contact List";
			};
			name = Release;
		};
/* End XCBuildConfiguration section */

/* Begin XCConfigurationList section */
		F90BE6EA2D9B0C3D0020574B /* Build configuration list for PBXProject "My Contact List" */ = {
			isa = XCConfigurationList;
			buildConfigurations = (
				F90BE71B2D9B0C3E0020574B /* Debug */,
				F90BE71C2D9B0C3E0020574B /* Release */,
			);
			defaultConfigurationIsVisible = 0;
			defaultConfigurationName = Release;
		};
		F90BE7182D9B0C3E0020574B /* Build configuration list for PBXNativeTarget "My Contact List" */ = {
			isa = XCConfigurationList;
			buildConfigurations = (
				F90BE7192D9B0C3E0020574B /* Debug */,
				F90BE71A2D9B0C3E0020574B /* Release */,
			);
			defaultConfigurationIsVisible = 0;
			defaultConfigurationName = Release;
		};
		F90BE71D2D9B0C3E0020574B /* Build configuration list for PBXNativeTarget "My Contact ListTests" */ = {
			isa = XCConfigurationList;
			buildConfigurations = (
				F90BE71E2D9B0C3E0020574B /* Debug */,
				F90BE71F2D9B0C3E0020574B /* Release */,
			);
			defaultConfigurationIsVisible = 0;
			defaultConfigurationName = Release;
		};
		F90BE7202D9B0C3E0020574B /* Build configuration list for PBXNativeTarget "My Contact ListUITests" */ = {
			isa = XCConfigurationList;
			buildConfigurations = (
				F90BE7212D9B0C3E0020574B /* Debug */,
				F90BE7222D9B0C3E0020574B /* Release */,
			);
			defaultConfigurationIsVisible = 0;
			defaultConfigurationName = Release;
		};
/* End XCConfigurationList section */
	};
	rootObject = F90BE6E72D9B0C3D0020574B /* Project object */;
}
